
Microsoft Visual Studio Solution File, Format Version 12.00
# Visual Studio Version 16
VisualStudioVersion = 25.0.1705.6
MinimumVisualStudioVersion = 10.0.40219.1
Project("{FAE04EC0-301F-11D3-BF4B-00C04F79EFBC}") = "EventEase.Web", "EventEase.Web.csproj", "{F7240E21-3037-4086-94C9-90DF92925FD2}"
EndProject
Global
	GlobalSection(SolutionConfigurationPlatforms) = preSolution
		Debug|Any CPU = Debug|Any CPU
		Release|Any CPU = Release|Any CPU
	EndGlobalSection
	GlobalSection(ProjectConfigurationPlatforms) = postSolution
		{F7240E21-3037-4086-94C9-90DF92925FD2}.Debug|Any CPU.ActiveCfg = Debug|Any CPU
		{F7240E21-3037-4086-94C9-90DF92925FD2}.Debug|Any CPU.Build.0 = Debug|Any CPU
		{F7240E21-3037-4086-94C9-90DF92925FD2}.Release|Any CPU.ActiveCfg = Release|Any CPU
		{F7240E21-3037-4086-94C9-90DF92925FD2}.Release|Any CPU.Build.0 = Release|Any CPU
	EndGlobalSection
	GlobalSection(SolutionProperties) = preSolution
		HideSolutionNode = FALSE
	EndGlobalSection
	GlobalSection(ExtensibilityGlobals) = postSolution
		SolutionGuid = {22D43C02-BC14-443C-AC03-5592D3442A63}
	EndGlobalSection
EndGlobal
